
Microsoft Visual Studio Solution File, Format Version 12.00
# Visual Studio Version 16
VisualStudioVersion = 16.0.30011.22
MinimumVisualStudioVersion = 10.0.40219.1
Project("{FAE04EC0-301F-11D3-BF4B-00C04F79EFBC}") = "ASCIIArt.WinConsole", "ASCIIArt.WinConsole\ASCIIArt.WinConsole.csproj", "{0655CBBB-C4A6-49C1-974F-353476F90672}"
EndProject
Project("{FAE04EC0-301F-11D3-BF4B-00C04F79EFBC}") = "ASCIIArt.Engine", "ASCIIArt.Engine\ASCIIArt.Engine.csproj", "{B23C1B57-9817-4C91-A192-90DCF44C403F}"
EndProject
Global
	GlobalSection(SolutionConfigurationPlatforms) = preSolution
		Debug|Any CPU = Debug|Any CPU
		Release|Any CPU = Release|Any CPU
	EndGlobalSection
	GlobalSection(ProjectConfigurationPlatforms) = postSolution
		{0655CBBB-C4A6-49C1-974F-353476F90672}.Debug|Any CPU.ActiveCfg = Debug|Any CPU
		{0655CBBB-C4A6-49C1-974F-353476F90672}.Debug|Any CPU.Build.0 = Debug|Any CPU
		{0655CBBB-C4A6-49C1-974F-353476F90672}.Release|Any CPU.ActiveCfg = Release|Any CPU
		{0655CBBB-C4A6-49C1-974F-353476F90672}.Release|Any CPU.Build.0 = Release|Any CPU
		{B23C1B57-9817-4C91-A192-90DCF44C403F}.Debug|Any CPU.ActiveCfg = Debug|Any CPU
		{B23C1B57-9817-4C91-A192-90DCF44C403F}.Debug|Any CPU.Build.0 = Debug|Any CPU
		{B23C1B57-9817-4C91-A192-90DCF44C403F}.Release|Any CPU.ActiveCfg = Release|Any CPU
		{B23C1B57-9817-4C91-A192-90DCF44C403F}.Release|Any CPU.Build.0 = Release|Any CPU
	EndGlobalSection
	GlobalSection(SolutionProperties) = preSolution
		HideSolutionNode = FALSE
	EndGlobalSection
	GlobalSection(ExtensibilityGlobals) = postSolution
		SolutionGuid = {7140A0EB-8FCD-48F2-9243-7B72B7866E24}
	EndGlobalSection
EndGlobal
